
Microsoft Visual Studio Solution File, Format Version 12.00
# Visual Studio Version 17
VisualStudioVersion = 17.2.32630.192
MinimumVisualStudioVersion = 10.0.40219.1
Project("{FAE04EC0-301F-11D3-BF4B-00C04F79EFBC}") = "PasswordValidation", "PasswordValidation\PasswordValidation.csproj", "{782A154F-DAF7-4144-B87E-69CD79638EAD}"
EndProject
Global
	GlobalSection(SolutionConfigurationPlatforms) = preSolution
		Debug|Any CPU = Debug|Any CPU
		Release|Any CPU = Release|Any CPU
	EndGlobalSection
	GlobalSection(ProjectConfigurationPlatforms) = postSolution
		{782A154F-DAF7-4144-B87E-69CD79638EAD}.Debug|Any CPU.ActiveCfg = Debug|Any CPU
		{782A154F-DAF7-4144-B87E-69CD79638EAD}.Debug|Any CPU.Build.0 = Debug|Any CPU
		{782A154F-DAF7-4144-B87E-69CD79638EAD}.Release|Any CPU.ActiveCfg = Release|Any CPU
		{782A154F-DAF7-4144-B87E-69CD79638EAD}.Release|Any CPU.Build.0 = Release|Any CPU
	EndGlobalSection
	GlobalSection(SolutionProperties) = preSolution
		HideSolutionNode = FALSE
	EndGlobalSection
	GlobalSection(ExtensibilityGlobals) = postSolution
		SolutionGuid = {51A529F6-695E-4D0A-A89E-DB54472A202D}
	EndGlobalSection
EndGlobal
